
Microsoft Visual Studio Solution File, Format Version 12.00
# Visual Studio 15
VisualStudioVersion = 15.0.27428.2005
MinimumVisualStudioVersion = 10.0.40219.1
Project("{FAE04EC0-301F-11D3-BF4B-00C04F79EFBC}") = "AddFriends", "AddFriends\AddFriends.csproj", "{1C9A7A25-39DA-453F-B346-C7EFFDFEDBF7}"
EndProject
Global
	GlobalSection(SolutionConfigurationPlatforms) = preSolution
		Debug|Any CPU = Debug|Any CPU
		Release|Any CPU = Release|Any CPU
	EndGlobalSection
	GlobalSection(ProjectConfigurationPlatforms) = postSolution
		{1C9A7A25-39DA-453F-B346-C7EFFDFEDBF7}.Debug|Any CPU.ActiveCfg = Debug|Any CPU
		{1C9A7A25-39DA-453F-B346-C7EFFDFEDBF7}.Debug|Any CPU.Build.0 = Debug|Any CPU
		{1C9A7A25-39DA-453F-B346-C7EFFDFEDBF7}.Release|Any CPU.ActiveCfg = Release|Any CPU
		{1C9A7A25-39DA-453F-B346-C7EFFDFEDBF7}.Release|Any CPU.Build.0 = Release|Any CPU
	EndGlobalSection
	GlobalSection(SolutionProperties) = preSolution
		HideSolutionNode = FALSE
	EndGlobalSection
	GlobalSection(ExtensibilityGlobals) = postSolution
		SolutionGuid = {EC849126-6BFF-44DE-9C8F-52B9C278D45E}
	EndGlobalSection
EndGlobal
